
Microsoft Visual Studio Solution File, Format Version 12.00
# Visual Studio Version 17
VisualStudioVersion = 17.8.34330.188
MinimumVisualStudioVersion = 10.0.40219.1
Project("{FAE04EC0-301F-11D3-BF4B-00C04F79EFBC}") = "Producer", "Producer\Producer.csproj", "{2D150656-3176-466C-AA8C-51EBDC680FBD}"
EndProject
Global
	GlobalSection(SolutionConfigurationPlatforms) = preSolution
		Debug|Any CPU = Debug|Any CPU
		Release|Any CPU = Release|Any CPU
	EndGlobalSection
	GlobalSection(ProjectConfigurationPlatforms) = postSolution
		{2D150656-3176-466C-AA8C-51EBDC680FBD}.Debug|Any CPU.ActiveCfg = Debug|Any CPU
		{2D150656-3176-466C-AA8C-51EBDC680FBD}.Debug|Any CPU.Build.0 = Debug|Any CPU
		{2D150656-3176-466C-AA8C-51EBDC680FBD}.Release|Any CPU.ActiveCfg = Release|Any CPU
		{2D150656-3176-466C-AA8C-51EBDC680FBD}.Release|Any CPU.Build.0 = Release|Any CPU
	EndGlobalSection
	GlobalSection(SolutionProperties) = preSolution
		HideSolutionNode = FALSE
	EndGlobalSection
	GlobalSection(ExtensibilityGlobals) = postSolution
		SolutionGuid = {38DA93BC-CC78-4E49-810D-1DF2968FEA1F}
	EndGlobalSection
EndGlobal
